{
  "nodes": {
    "agenix": {
      "inputs": {
        "nixpkgs": [
          "nixpkgs"
        ]
      },
      "locked": {
        "lastModified": 1637793790,
        "narHash": "sha256-oPXavjxETEWGXq8g7kQHyRLKUmLX2yPtGn+t3V0mrTY=",
        "owner": "ryantm",
        "repo": "agenix",
        "rev": "f85eea0e29fa9a8924571d0e398215e175f80d55",
        "type": "github"
      },
      "original": {
        "owner": "ryantm",
        "repo": "agenix",
        "type": "github"
      }
    },
    "darwin": {
      "inputs": {
        "nixpkgs": "nixpkgs"
      },
      "locked": {
        "lastModified": 1634994402,
        "narHash": "sha256-xmlCVVOYGpZoxgOqsDOVF0B0ASrnbNGVAEzID9qh2xo=",
        "owner": "LnL7",
        "repo": "nix-darwin",
        "rev": "44da835ac40dab5fd231298b59d83487382d2fab",
        "type": "github"
      },
      "original": {
        "owner": "LnL7",
        "ref": "master",
        "repo": "nix-darwin",
        "type": "github"
      }
    },
    "ema": {
      "inputs": {
        "flake-compat": "flake-compat",
        "flake-utils": "flake-utils",
        "nixpkgs": "nixpkgs_2",
        "unionmount": "unionmount"
      },
      "locked": {
        "lastModified": 1638132456,
        "narHash": "sha256-VCfqTG5UVxAJnVYw3N5ZItSeofbJco2nH1eJBpjibNg=",
        "owner": "srid",
        "repo": "ema",
        "rev": "4690407be586265cae697e3ed14fef34706d30c3",
        "type": "github"
      },
      "original": {
        "owner": "srid",
        "ref": "master",
        "repo": "ema",
        "type": "github"
      }
    },
    "emanote": {
      "inputs": {
        "ema": "ema",
        "flake-compat": "flake-compat_2",
        "flake-utils": "flake-utils_2",
        "heist": "heist",
        "nixpkgs": [
          "nixpkgs"
        ],
        "tagtree": "tagtree",
        "windicss": "windicss"
      },
      "locked": {
        "lastModified": 1638153285,
        "narHash": "sha256-g841YmF4K2TU2rxnkQ4kH4qeusjx2R9MkEoZFBl6NAA=",
        "owner": "srid",
        "repo": "emanote",
        "rev": "8aeb9892aa7ac2bd5c99050e07a35339c12bf6a5",
        "type": "github"
      },
      "original": {
        "owner": "srid",
        "repo": "emanote",
        "type": "github"
      }
    },
    "flake-compat": {
      "flake": false,
      "locked": {
        "lastModified": 1606424373,
        "narHash": "sha256-oq8d4//CJOrVj+EcOaSXvMebvuTkmBJuT5tzlfewUnQ=",
        "owner": "edolstra",
        "repo": "flake-compat",
        "rev": "99f1c2157fba4bfe6211a321fd0ee43199025dbf",
        "type": "github"
      },
      "original": {
        "owner": "edolstra",
        "repo": "flake-compat",
        "type": "github"
      }
    },
    "flake-compat_2": {
      "flake": false,
      "locked": {
        "lastModified": 1627913399,
        "narHash": "sha256-hY8g6H2KFL8ownSiFeMOjwPC8P0ueXpCVEbxgda3pko=",
        "owner": "edolstra",
        "repo": "flake-compat",
        "rev": "12c64ca55c1014cdc1b16ed5a804aa8576601ff2",
        "type": "github"
      },
      "original": {
        "owner": "edolstra",
        "repo": "flake-compat",
        "type": "github"
      }
    },
    "flake-utils": {
      "locked": {
        "lastModified": 1618217525,
        "narHash": "sha256-WGrhVczjXTiswQaoxQ+0PTfbLNeOQM6M36zvLn78AYg=",
        "owner": "numtide",
        "repo": "flake-utils",
        "rev": "c6169a2772643c4a93a0b5ac1c61e296cba68544",
        "type": "github"
      },
      "original": {
        "owner": "numtide",
        "repo": "flake-utils",
        "type": "github"
      }
    },
    "flake-utils_2": {
      "locked": {
        "lastModified": 1623875721,
        "narHash": "sha256-A8BU7bjS5GirpAUv4QA+QnJ4CceLHkcXdRp4xITDB0s=",
        "owner": "numtide",
        "repo": "flake-utils",
        "rev": "f7e004a55b120c02ecb6219596820fcd32ca8772",
        "type": "github"
      },
      "original": {
        "owner": "numtide",
        "repo": "flake-utils",
        "type": "github"
      }
    },
    "flake-utils_3": {
      "locked": {
        "lastModified": 1629481132,
        "narHash": "sha256-JHgasjPR0/J1J3DRm4KxM4zTyAj4IOJY8vIl75v/kPI=",
        "owner": "numtide",
        "repo": "flake-utils",
        "rev": "997f7efcb746a9c140ce1f13c72263189225f482",
        "type": "github"
      },
      "original": {
        "owner": "numtide",
        "repo": "flake-utils",
        "type": "github"
      }
    },
    "flake-utils_4": {
      "locked": {
        "lastModified": 1629481132,
        "narHash": "sha256-JHgasjPR0/J1J3DRm4KxM4zTyAj4IOJY8vIl75v/kPI=",
        "owner": "numtide",
        "repo": "flake-utils",
        "rev": "997f7efcb746a9c140ce1f13c72263189225f482",
        "type": "github"
      },
      "original": {
        "owner": "numtide",
        "repo": "flake-utils",
        "type": "github"
      }
    },
    "heist": {
      "flake": false,
      "locked": {
        "lastModified": 1624205223,
        "narHash": "sha256-+bcrEKjB/kDRAqOunCD/cKBBVOJUTmY9RoCQ++I42oM=",
        "owner": "srid",
        "repo": "heist",
        "rev": "a8be6f93656f87199e03b9dfb9979dc061614108",
        "type": "github"
      },
      "original": {
        "owner": "srid",
        "ref": "emanote",
        "repo": "heist",
        "type": "github"
      }
    },
    "home-manager": {
      "inputs": {
        "nixpkgs": [
          "nixpkgs"
        ]
      },
      "locked": {
        "lastModified": 1638150501,
        "narHash": "sha256-aWH3MRmjUtx8ciSGLegBJC5mhymsuroHPs74ZldrNTU=",
        "owner": "nix-community",
        "repo": "home-manager",
        "rev": "9de77227d7780518cfeaee5a917970247f3ecc56",
        "type": "github"
      },
      "original": {
        "owner": "nix-community",
        "ref": "master",
        "repo": "home-manager",
        "type": "github"
      }
    },
    "lowdown-src": {
      "flake": false,
      "locked": {
        "lastModified": 1633514407,
        "narHash": "sha256-Dw32tiMjdK9t3ETl5fzGrutQTzh2rufgZV4A/BbxuD4=",
        "owner": "kristapsdz",
        "repo": "lowdown",
        "rev": "d2c2b44ff6c27b936ec27358a2653caaef8f73b8",
        "type": "github"
      },
      "original": {
        "owner": "kristapsdz",
        "repo": "lowdown",
        "type": "github"
      }
    },
    "naersk": {
      "inputs": {
        "nixpkgs": "nixpkgs_3"
      },
      "locked": {
        "lastModified": 1639947939,
        "narHash": "sha256-pGsM8haJadVP80GFq4xhnSpNitYNQpaXk4cnA796Cso=",
        "owner": "nix-community",
        "repo": "naersk",
        "rev": "2fc8ce9d3c025d59fee349c1f80be9785049d653",
        "type": "github"
      },
      "original": {
        "owner": "nix-community",
        "repo": "naersk",
        "type": "github"
      }
    },
    "neovim": {
      "inputs": {
        "flake-utils": "flake-utils_3",
        "nixpkgs": [
          "nixpkgs"
        ]
      },
      "locked": {
        "dir": "contrib",
        "lastModified": 1641495107,
        "narHash": "sha256-LorEQrq1T5sOnWOBbNhCuSUWLju+RvV1OWicYH5gk44=",
        "owner": "neovim",
        "repo": "neovim",
        "rev": "b43575545272aeecf4e140b47485f94131430123",
        "type": "github"
      },
      "original": {
        "dir": "contrib",
        "owner": "neovim",
        "repo": "neovim",
        "type": "github"
      }
    },
    "nix": {
      "inputs": {
        "lowdown-src": "lowdown-src",
        "nixpkgs": "nixpkgs_4"
      },
      "locked": {
        "lastModified": 1638269456,
        "narHash": "sha256-q1nRqpbLSkG/5Jg2t+NWHCyEstwLFKVMD/6PtvILIzA=",
        "owner": "nixos",
        "repo": "nix",
        "rev": "b96164f4af4b68a91b68c59087383a4f69e7d81e",
        "type": "github"
      },
      "original": {
        "owner": "nixos",
        "ref": "master",
        "repo": "nix",
        "type": "github"
      }
    },
    "nixos-hardware": {
      "locked": {
        "lastModified": 1638182287,
        "narHash": "sha256-vBzf+hbTJz2ZdXV/DWirl6wOO7tjdqzTIU+0FANt65U=",
        "owner": "nixos",
        "repo": "nixos-hardware",
        "rev": "6b3f79de09c3de7c91ab51e55e87879f61b6faec",
        "type": "github"
      },
      "original": {
        "owner": "nixos",
        "repo": "nixos-hardware",
        "type": "github"
      }
    },
    "nixpkgs": {
      "locked": {
        "lastModified": 1602411953,
        "narHash": "sha256-gbupmxRpoQZqL5NBQCJN2GI5G7XDEHHHYKhVwEj5+Ps=",
        "owner": "LnL7",
        "repo": "nixpkgs",
        "rev": "f780534ea2d0c12e62607ff254b6b45f46653f7a",
        "type": "github"
      },
      "original": {
        "id": "nixpkgs",
        "type": "indirect"
      }
    },
    "nixpkgs-stable": {
      "locked": {
        "lastModified": 1638196344,
        "narHash": "sha256-fkOqSkfOkl8tqxDd+zJU4kAgyLXp/ouaP+U9gpjEZZs=",
        "owner": "nixos",
        "repo": "nixpkgs",
        "rev": "2553aee74fed8c2205a4aeb3ffd206ca14ede60f",
        "type": "github"
      },
      "original": {
        "owner": "nixos",
        "ref": "nixos-21.05",
        "repo": "nixpkgs",
        "type": "github"
      }
    },
    "nixpkgs_2": {
      "locked": {
        "lastModified": 1638097282,
        "narHash": "sha256-EXCzj9b8X/lqDPJapxZThIOKL5ASbpsJZ+8L1LnY1ig=",
        "owner": "nixos",
        "repo": "nixpkgs",
        "rev": "78cb77b29d37a9663e05b61abb4fa09465da4b70",
        "type": "github"
      },
      "original": {
        "owner": "nixos",
        "repo": "nixpkgs",
        "rev": "78cb77b29d37a9663e05b61abb4fa09465da4b70",
        "type": "github"
      }
    },
    "nixpkgs_3": {
      "locked": {
        "lastModified": 1638189734,
        "narHash": "sha256-Vks5UgpFqbrSNi3RXaozVWAVEfueplN2WBPs2bRajHA=",
        "path": "/nix/store/dk3j2sylwfssk2qvbwz74yf7k6j9zwf4-source",
        "rev": "f366af7a1b3891d9370091ab03150d3a6ee138fa",
        "type": "path"
      },
      "original": {
        "id": "nixpkgs",
        "type": "indirect"
      }
    },
    "nixpkgs_4": {
      "locked": {
        "lastModified": 1632864508,
        "narHash": "sha256-d127FIvGR41XbVRDPVvozUPQ/uRHbHwvfyKHwEt5xFM=",
        "owner": "NixOS",
        "repo": "nixpkgs",
        "rev": "82891b5e2c2359d7e58d08849e4c89511ab94234",
        "type": "github"
      },
      "original": {
        "id": "nixpkgs",
        "ref": "nixos-21.05-small",
        "type": "indirect"
      }
    },
    "nixpkgs_5": {
      "locked": {
        "lastModified": 1638189734,
        "narHash": "sha256-Vks5UgpFqbrSNi3RXaozVWAVEfueplN2WBPs2bRajHA=",
        "owner": "nixos",
        "repo": "nixpkgs",
        "rev": "f366af7a1b3891d9370091ab03150d3a6ee138fa",
        "type": "github"
      },
      "original": {
        "owner": "nixos",
        "ref": "nixpkgs-unstable",
        "repo": "nixpkgs",
        "type": "github"
      }
    },
    "nixpkgs_6": {
      "locked": {
        "lastModified": 1616847335,
        "narHash": "sha256-AQrNtJZRl9P78u+otHNXVxcQzu84vuTJLqynupp335g=",
        "owner": "cmacrae",
        "repo": "nixpkgs",
        "rev": "7745d5338ad3c6cef295f40a732c6a739b1fcc7b",
        "type": "github"
      },
      "original": {
        "owner": "cmacrae",
        "ref": "fix_spacebar",
        "repo": "nixpkgs",
        "type": "github"
      }
    },
    "nur": {
      "locked": {
        "lastModified": 1638295345,
        "narHash": "sha256-0OSh3gWyZJV4r7ZkFqJERVEDEavCVKOXhG1mJNm20dM=",
        "owner": "nix-community",
        "repo": "nur",
        "rev": "41b231201105d4053ea1dd1bc0b3edd29cb05302",
        "type": "github"
      },
      "original": {
        "owner": "nix-community",
        "repo": "nur",
        "type": "github"
      }
    },
    "root": {
      "inputs": {
        "agenix": "agenix",
        "darwin": "darwin",
        "emanote": "emanote",
        "home-manager": "home-manager",
        "naersk": "naersk",
        "neovim": "neovim",
        "nix": "nix",
        "nixos-hardware": "nixos-hardware",
        "nixpkgs": "nixpkgs_5",
        "nixpkgs-stable": "nixpkgs-stable",
        "nur": "nur",
        "spacebar": "spacebar",
        "utils": "utils"
      }
    },
    "spacebar": {
      "inputs": {
        "nixpkgs": "nixpkgs_6"
      },
      "locked": {
        "lastModified": 1619365544,
        "narHash": "sha256-f72eQ5KrsBPKlCCENDeTA+Lkqik/ps2xotS2CrEpMpM=",
        "owner": "cmacrae",
        "repo": "spacebar",
        "rev": "96e210e579c1f7a0ce80074e0f22b73e7a7cef00",
        "type": "github"
      },
      "original": {
        "owner": "cmacrae",
        "ref": "v1.3.0",
        "repo": "spacebar",
        "type": "github"
      }
    },
    "tagtree": {
      "flake": false,
      "locked": {
        "lastModified": 1624654230,
        "narHash": "sha256-/oMuPj360ZAXFJwTwoDFKKwn5jfIbsl7+IBPDFv5oEE=",
        "owner": "srid",
        "repo": "tagtree",
        "rev": "667c5a5073eddb8ddd875726b1fb6c41e09f0591",
        "type": "github"
      },
      "original": {
        "owner": "srid",
        "repo": "tagtree",
        "type": "github"
      }
    },
    "unionmount": {
      "flake": false,
      "locked": {
        "lastModified": 1637534484,
        "narHash": "sha256-EZt8lPv3BgTT7gYHKStOYd6PK2vAk8DeSFoZfJ7O/U4=",
        "owner": "srid",
        "repo": "unionmount",
        "rev": "e1840972d2cccc5e4ce2619d235f690316f2c992",
        "type": "github"
      },
      "original": {
        "owner": "srid",
        "repo": "unionmount",
        "type": "github"
      }
    },
    "utils": {
      "inputs": {
        "flake-utils": "flake-utils_4"
      },
      "locked": {
        "lastModified": 1638172912,
        "narHash": "sha256-jxhQGNEsZTdop/Br3JPS+xmBf6t9cIWRzVZFxbT76Rw=",
        "owner": "gytis-ivaskevicius",
        "repo": "flake-utils-plus",
        "rev": "166d6ebd9f0de03afc98060ac92cba9c71cfe550",
        "type": "github"
      },
      "original": {
        "owner": "gytis-ivaskevicius",
        "ref": "v1.3.1",
        "repo": "flake-utils-plus",
        "type": "github"
      }
    },
    "windicss": {
      "flake": false,
      "locked": {
        "lastModified": 1625250934,
        "narHash": "sha256-iIhdu7uez4F57VUW6Rj3dP1vPOeKTl+kp8qo4aIyH8g=",
        "owner": "srid",
        "repo": "windicss-nix",
        "rev": "d96ae0137d56fffa62e53a1815d318cd5f37c987",
        "type": "github"
      },
      "original": {
        "owner": "srid",
        "repo": "windicss-nix",
        "type": "github"
      }
    }
  },
  "root": "root",
  "version": 7
}
